
Microsoft Visual Studio Solution File, Format Version 12.00
# Visual Studio 2017
Project("{FAE04EC0-301F-11D3-BF4B-00C04F79EFBC}") = "Dark Room", "Dark Room.csproj", "{6716B7CE-09E1-83BB-7D3A-60BA9294C632}"
EndProject
Project("{FAE04EC0-301F-11D3-BF4B-00C04F79EFBC}") = "Dark Room.Plugins", "Dark Room.Plugins.csproj", "{EF014E80-4E8C-E2DD-302B-4485BC4A9C11}"
EndProject
Project("{FAE04EC0-301F-11D3-BF4B-00C04F79EFBC}") = "Dark Room.Editor", "Dark Room.Editor.csproj", "{E26F36D6-14E1-D4EB-93B7-1565DE2DA155}"
EndProject
Project("{FAE04EC0-301F-11D3-BF4B-00C04F79EFBC}") = "Dark Room.Editor.Plugins", "Dark Room.Editor.Plugins.csproj", "{ACB36E2F-3C79-777C-144F-324AF3E68DE3}"
EndProject
Project("{FAE04EC0-301F-11D3-BF4B-00C04F79EFBC}") = "Dark Room.Editor", "Dark Room.Editor.csproj", "{E26F36D6-14E1-D4EB-93B7-1565DE2DA155}"
EndProject
Project("{FAE04EC0-301F-11D3-BF4B-00C04F79EFBC}") = "Dark Room.Editor", "Dark Room.Editor.csproj", "{E26F36D6-14E1-D4EB-93B7-1565DE2DA155}"
EndProject
Global
	GlobalSection(SolutionConfigurationPlatforms) = preSolution
		Debug|Any CPU = Debug|Any CPU
		Release|Any CPU = Release|Any CPU
	EndGlobalSection
	GlobalSection(ProjectConfigurationPlatforms) = postSolution
		{6716B7CE-09E1-83BB-7D3A-60BA9294C632}.Debug|Any CPU.ActiveCfg = Debug|Any CPU
		{6716B7CE-09E1-83BB-7D3A-60BA9294C632}.Debug|Any CPU.Build.0 = Debug|Any CPU
		{6716B7CE-09E1-83BB-7D3A-60BA9294C632}.Release|Any CPU.ActiveCfg = Release|Any CPU
		{6716B7CE-09E1-83BB-7D3A-60BA9294C632}.Release|Any CPU.Build.0 = Release|Any CPU
		{EF014E80-4E8C-E2DD-302B-4485BC4A9C11}.Debug|Any CPU.ActiveCfg = Debug|Any CPU
		{EF014E80-4E8C-E2DD-302B-4485BC4A9C11}.Debug|Any CPU.Build.0 = Debug|Any CPU
		{EF014E80-4E8C-E2DD-302B-4485BC4A9C11}.Release|Any CPU.ActiveCfg = Release|Any CPU
		{EF014E80-4E8C-E2DD-302B-4485BC4A9C11}.Release|Any CPU.Build.0 = Release|Any CPU
		{E26F36D6-14E1-D4EB-93B7-1565DE2DA155}.Debug|Any CPU.ActiveCfg = Debug|Any CPU
		{E26F36D6-14E1-D4EB-93B7-1565DE2DA155}.Debug|Any CPU.Build.0 = Debug|Any CPU
		{E26F36D6-14E1-D4EB-93B7-1565DE2DA155}.Release|Any CPU.ActiveCfg = Release|Any CPU
		{E26F36D6-14E1-D4EB-93B7-1565DE2DA155}.Release|Any CPU.Build.0 = Release|Any CPU
		{ACB36E2F-3C79-777C-144F-324AF3E68DE3}.Debug|Any CPU.ActiveCfg = Debug|Any CPU
		{ACB36E2F-3C79-777C-144F-324AF3E68DE3}.Debug|Any CPU.Build.0 = Debug|Any CPU
		{ACB36E2F-3C79-777C-144F-324AF3E68DE3}.Release|Any CPU.ActiveCfg = Release|Any CPU
		{ACB36E2F-3C79-777C-144F-324AF3E68DE3}.Release|Any CPU.Build.0 = Release|Any CPU
		{E26F36D6-14E1-D4EB-93B7-1565DE2DA155}.Debug|Any CPU.ActiveCfg = Debug|Any CPU
		{E26F36D6-14E1-D4EB-93B7-1565DE2DA155}.Debug|Any CPU.Build.0 = Debug|Any CPU
		{E26F36D6-14E1-D4EB-93B7-1565DE2DA155}.Release|Any CPU.ActiveCfg = Release|Any CPU
		{E26F36D6-14E1-D4EB-93B7-1565DE2DA155}.Release|Any CPU.Build.0 = Release|Any CPU
		{E26F36D6-14E1-D4EB-93B7-1565DE2DA155}.Debug|Any CPU.ActiveCfg = Debug|Any CPU
		{E26F36D6-14E1-D4EB-93B7-1565DE2DA155}.Debug|Any CPU.Build.0 = Debug|Any CPU
		{E26F36D6-14E1-D4EB-93B7-1565DE2DA155}.Release|Any CPU.ActiveCfg = Release|Any CPU
		{E26F36D6-14E1-D4EB-93B7-1565DE2DA155}.Release|Any CPU.Build.0 = Release|Any CPU
	EndGlobalSection
	GlobalSection(SolutionProperties) = preSolution
		HideSolutionNode = FALSE
	EndGlobalSection
EndGlobal
